
Microsoft Visual Studio Solution File, Format Version 12.00
# Visual Studio Version 17
VisualStudioVersion = 17.7.34024.191
MinimumVisualStudioVersion = 10.0.40219.1
Project("{8BC9CEB8-8B4A-11D0-8D11-00A0C91BC942}") = "chattingProject", "chattingProject.vcxproj", "{62657BF6-DC3F-474D-9F77-1ADA5662E5CB}"
EndProject
Project("{8BC9CEB8-8B4A-11D0-8D11-00A0C91BC942}") = "server", "server\server.vcxproj", "{591B521F-D35C-4C29-AECC-962DE2BF96B9}"
EndProject
Global
	GlobalSection(SolutionConfigurationPlatforms) = preSolution
		Debug|x64 = Debug|x64
		Debug|x86 = Debug|x86
		Release|x64 = Release|x64
		Release|x86 = Release|x86
	EndGlobalSection
	GlobalSection(ProjectConfigurationPlatforms) = postSolution
		{62657BF6-DC3F-474D-9F77-1ADA5662E5CB}.Debug|x64.ActiveCfg = Debug|x64
		{62657BF6-DC3F-474D-9F77-1ADA5662E5CB}.Debug|x64.Build.0 = Debug|x64
		{62657BF6-DC3F-474D-9F77-1ADA5662E5CB}.Debug|x86.ActiveCfg = Debug|Win32
		{62657BF6-DC3F-474D-9F77-1ADA5662E5CB}.Debug|x86.Build.0 = Debug|Win32
		{62657BF6-DC3F-474D-9F77-1ADA5662E5CB}.Release|x64.ActiveCfg = Release|x64
		{62657BF6-DC3F-474D-9F77-1ADA5662E5CB}.Release|x64.Build.0 = Release|x64
		{62657BF6-DC3F-474D-9F77-1ADA5662E5CB}.Release|x86.ActiveCfg = Release|Win32
		{62657BF6-DC3F-474D-9F77-1ADA5662E5CB}.Release|x86.Build.0 = Release|Win32
		{591B521F-D35C-4C29-AECC-962DE2BF96B9}.Debug|x64.ActiveCfg = Debug|x64
		{591B521F-D35C-4C29-AECC-962DE2BF96B9}.Debug|x64.Build.0 = Debug|x64
		{591B521F-D35C-4C29-AECC-962DE2BF96B9}.Debug|x86.ActiveCfg = Debug|Win32
		{591B521F-D35C-4C29-AECC-962DE2BF96B9}.Debug|x86.Build.0 = Debug|Win32
		{591B521F-D35C-4C29-AECC-962DE2BF96B9}.Release|x64.ActiveCfg = Release|x64
		{591B521F-D35C-4C29-AECC-962DE2BF96B9}.Release|x64.Build.0 = Release|x64
		{591B521F-D35C-4C29-AECC-962DE2BF96B9}.Release|x86.ActiveCfg = Release|Win32
		{591B521F-D35C-4C29-AECC-962DE2BF96B9}.Release|x86.Build.0 = Release|Win32
	EndGlobalSection
	GlobalSection(SolutionProperties) = preSolution
		HideSolutionNode = FALSE
	EndGlobalSection
	GlobalSection(ExtensibilityGlobals) = postSolution
		SolutionGuid = {FC190042-DFC1-4B21-95A0-120350728847}
	EndGlobalSection
EndGlobal
